
Microsoft Visual Studio Solution File, Format Version 12.00
# Visual Studio Version 17
VisualStudioVersion = 17.0.31903.59
MinimumVisualStudioVersion = 10.0.40219.1
Project("{2150E333-8FDC-42A3-9474-1A3956D46DE8}") = "src", "src", "{A19B519F-8B43-40AE-87E7-4F3E308E8A73}"
EndProject
Project("{FAE04EC0-301F-11D3-BF4B-00C04F79EFBC}") = "Washyn.TechTest", "src\Washyn.TechTest\Washyn.TechTest.csproj", "{593D3321-7D08-46E9-8DC3-91F09DC442FF}"
EndProject
Global
	GlobalSection(SolutionConfigurationPlatforms) = preSolution
		Debug|Any CPU = Debug|Any CPU
		Release|Any CPU = Release|Any CPU
	EndGlobalSection
	GlobalSection(SolutionProperties) = preSolution
		HideSolutionNode = FALSE
	EndGlobalSection
	GlobalSection(ProjectConfigurationPlatforms) = postSolution
		{593D3321-7D08-46E9-8DC3-91F09DC442FF}.Debug|Any CPU.ActiveCfg = Debug|Any CPU
		{593D3321-7D08-46E9-8DC3-91F09DC442FF}.Debug|Any CPU.Build.0 = Debug|Any CPU
		{593D3321-7D08-46E9-8DC3-91F09DC442FF}.Release|Any CPU.ActiveCfg = Release|Any CPU
		{593D3321-7D08-46E9-8DC3-91F09DC442FF}.Release|Any CPU.Build.0 = Release|Any CPU
	EndGlobalSection
	GlobalSection(NestedProjects) = preSolution
		{593D3321-7D08-46E9-8DC3-91F09DC442FF} = {A19B519F-8B43-40AE-87E7-4F3E308E8A73}
	EndGlobalSection
EndGlobal
